// !$*UTF8*$!
{
	archiveVersion = 1;
	classes = {
	};
	objectVersion = 50;
	objects = {

/* Begin PBXBuildFile section */
		183AE058225229C3001AA32A /* AppDelegate.swift in Sources */ = {isa = PBXBuildFile; fileRef = 183AE057225229C3001AA32A /* AppDelegate.swift */; };
		183AE05A225229C3001AA32A /* ViewController.swift in Sources */ = {isa = PBXBuildFile; fileRef = 183AE059225229C3001AA32A /* ViewController.swift */; };
		183AE05D225229C3001AA32A /* Main.storyboard in Resources */ = {isa = PBXBuildFile; fileRef = 183AE05B225229C3001AA32A /* Main.storyboard */; };
		183AE05F225229C6001AA32A /* Assets.xcassets in Resources */ = {isa = PBXBuildFile; fileRef = 183AE05E225229C6001AA32A /* Assets.xcassets */; };
		183AE062225229C6001AA32A /* LaunchScreen.storyboard in Resources */ = {isa = PBXBuildFile; fileRef = 183AE060225229C6001AA32A /* LaunchScreen.storyboard */; };
		183AE06D225229C6001AA32A /* repoStarsTests.swift in Sources */ = {isa = PBXBuildFile; fileRef = 183AE06C225229C6001AA32A /* repoStarsTests.swift */; };
		183AE078225229C6001AA32A /* repoStarsUITests.swift in Sources */ = {isa = PBXBuildFile; fileRef = 183AE077225229C6001AA32A /* repoStarsUITests.swift */; };
		183AE0A722522D77001AA32A /* MainTableViewCell.swift in Sources */ = {isa = PBXBuildFile; fileRef = 183AE0A622522D77001AA32A /* MainTableViewCell.swift */; };
		183AE0AB2252427B001AA32A /* Unknown.jpeg in Resources */ = {isa = PBXBuildFile; fileRef = 183AE0AA2252427B001AA32A /* Unknown.jpeg */; };
		183AE0AD2252486D001AA32A /* filledStar.png in Resources */ = {isa = PBXBuildFile; fileRef = 183AE0AC2252486D001AA32A /* filledStar.png */; };
		183AE0B122556BAF001AA32A /* Repository.swift in Sources */ = {isa = PBXBuildFile; fileRef = 183AE0B022556BAF001AA32A /* Repository.swift */; };
/* End PBXBuildFile section */

/* Begin PBXContainerItemProxy section */
		183AE069225229C6001AA32A /* PBXContainerItemProxy */ = {
			isa = PBXContainerItemProxy;
			containerPortal = 183AE04C225229C3001AA32A /* Project object */;
			proxyType = 1;
			remoteGlobalIDString = 183AE053225229C3001AA32A;
			remoteInfo = repoStars;
		};
		183AE074225229C6001AA32A /* PBXContainerItemProxy */ = {
			isa = PBXContainerItemProxy;
			containerPortal = 183AE04C225229C3001AA32A /* Project object */;
			proxyType = 1;
			remoteGlobalIDString = 183AE053225229C3001AA32A;
			remoteInfo = repoStars;
		};
/* End PBXContainerItemProxy section */

/* Begin PBXFileReference section */
		183AE054225229C3001AA32A /* repoStars.app */ = {isa = PBXFileReference; explicitFileType = wrapper.application; includeInIndex = 0; path = repoStars.app; sourceTree = BUILT_PRODUCTS_DIR; };
		183AE057225229C3001AA32A /* AppDelegate.swift */ = {isa = PBXFileReference; lastKnownFileType = sourcecode.swift; path = AppDelegate.swift; sourceTree = "<group>"; };
		183AE059225229C3001AA32A /* ViewController.swift */ = {isa = PBXFileReference; lastKnownFileType = sourcecode.swift; path = ViewController.swift; sourceTree = "<group>"; };
		183AE05C225229C3001AA32A /* Base */ = {isa = PBXFileReference; lastKnownFileType = file.storyboard; name = Base; path = Base.lproj/Main.storyboard; sourceTree = "<group>"; };
		183AE05E225229C6001AA32A /* Assets.xcassets */ = {isa = PBXFileReference; lastKnownFileType = folder.assetcatalog; path = Assets.xcassets; sourceTree = "<group>"; };
		183AE061225229C6001AA32A /* Base */ = {isa = PBXFileReference; lastKnownFileType = file.storyboard; name = Base; path = Base.lproj/LaunchScreen.storyboard; sourceTree = "<group>"; };
		183AE063225229C6001AA32A /* Info.plist */ = {isa = PBXFileReference; lastKnownFileType = text.plist.xml; path = Info.plist; sourceTree = "<group>"; };
		183AE068225229C6001AA32A /* repoStarsTests.xctest */ = {isa = PBXFileReference; explicitFileType = wrapper.cfbundle; includeInIndex = 0; path = repoStarsTests.xctest; sourceTree = BUILT_PRODUCTS_DIR; };
		183AE06C225229C6001AA32A /* repoStarsTests.swift */ = {isa = PBXFileReference; lastKnownFileType = sourcecode.swift; path = repoStarsTests.swift; sourceTree = "<group>"; };
		183AE06E225229C6001AA32A /* Info.plist */ = {isa = PBXFileReference; lastKnownFileType = text.plist.xml; path = Info.plist; sourceTree = "<group>"; };
		183AE073225229C6001AA32A /* repoStarsUITests.xctest */ = {isa = PBXFileReference; explicitFileType = wrapper.cfbundle; includeInIndex = 0; path = repoStarsUITests.xctest; sourceTree = BUILT_PRODUCTS_DIR; };
		183AE077225229C6001AA32A /* repoStarsUITests.swift */ = {isa = PBXFileReference; lastKnownFileType = sourcecode.swift; path = repoStarsUITests.swift; sourceTree = "<group>"; };
		183AE079225229C6001AA32A /* Info.plist */ = {isa = PBXFileReference; lastKnownFileType = text.plist.xml; path = Info.plist; sourceTree = "<group>"; };
		183AE0A622522D77001AA32A /* MainTableViewCell.swift */ = {isa = PBXFileReference; lastKnownFileType = sourcecode.swift; path = MainTableViewCell.swift; sourceTree = "<group>"; };
		183AE0AA2252427B001AA32A /* Unknown.jpeg */ = {isa = PBXFileReference; lastKnownFileType = image.jpeg; path = Unknown.jpeg; sourceTree = "<group>"; };
		183AE0AC2252486D001AA32A /* filledStar.png */ = {isa = PBXFileReference; lastKnownFileType = image.png; path = filledStar.png; sourceTree = "<group>"; };
		183AE0B022556BAF001AA32A /* Repository.swift */ = {isa = PBXFileReference; lastKnownFileType = sourcecode.swift; path = Repository.swift; sourceTree = "<group>"; };
/* End PBXFileReference section */

/* Begin PBXFrameworksBuildPhase section */
		183AE051225229C3001AA32A /* Frameworks */ = {
			isa = PBXFrameworksBuildPhase;
			buildActionMask = 2147483647;
			files = (
			);
			runOnlyForDeploymentPostprocessing = 0;
		};
		183AE065225229C6001AA32A /* Frameworks */ = {
			isa = PBXFrameworksBuildPhase;
			buildActionMask = 2147483647;
			files = (
			);
			runOnlyForDeploymentPostprocessing = 0;
		};
		183AE070225229C6001AA32A /* Frameworks */ = {
			isa = PBXFrameworksBuildPhase;
			buildActionMask = 2147483647;
			files = (
			);
			runOnlyForDeploymentPostprocessing = 0;
		};
/* End PBXFrameworksBuildPhase section */

/* Begin PBXGroup section */
		183AE04B225229C3001AA32A = {
			isa = PBXGroup;
			children = (
				183AE056225229C3001AA32A /* repoStars */,
				183AE06B225229C6001AA32A /* repoStarsTests */,
				183AE076225229C6001AA32A /* repoStarsUITests */,
				183AE055225229C3001AA32A /* Products */,
			);
			sourceTree = "<group>";
		};
		183AE055225229C3001AA32A /* Products */ = {
			isa = PBXGroup;
			children = (
				183AE054225229C3001AA32A /* repoStars.app */,
				183AE068225229C6001AA32A /* repoStarsTests.xctest */,
				183AE073225229C6001AA32A /* repoStarsUITests.xctest */,
			);
			name = Products;
			sourceTree = "<group>";
		};
		183AE056225229C3001AA32A /* repoStars */ = {
			isa = PBXGroup;
			children = (
				183AE0AF22556A59001AA32A /* Model */,
				183AE0AE225567FF001AA32A /* Controller */,
				183AE0AC2252486D001AA32A /* filledStar.png */,
				183AE0AA2252427B001AA32A /* Unknown.jpeg */,
				183AE0A522522D14001AA32A /* Table view cells */,
				183AE057225229C3001AA32A /* AppDelegate.swift */,
				183AE05B225229C3001AA32A /* Main.storyboard */,
				183AE05E225229C6001AA32A /* Assets.xcassets */,
				183AE060225229C6001AA32A /* LaunchScreen.storyboard */,
				183AE063225229C6001AA32A /* Info.plist */,
			);
			path = repoStars;
			sourceTree = "<group>";
		};
		183AE06B225229C6001AA32A /* repoStarsTests */ = {
			isa = PBXGroup;
			children = (
				183AE06C225229C6001AA32A /* repoStarsTests.swift */,
				183AE06E225229C6001AA32A /* Info.plist */,
			);
			path = repoStarsTests;
			sourceTree = "<group>";
		};
		183AE076225229C6001AA32A /* repoStarsUITests */ = {
			isa = PBXGroup;
			children = (
				183AE077225229C6001AA32A /* repoStarsUITests.swift */,
				183AE079225229C6001AA32A /* Info.plist */,
			);
			path = repoStarsUITests;
			sourceTree = "<group>";
		};
		183AE0A522522D14001AA32A /* Table view cells */ = {
			isa = PBXGroup;
			children = (
				183AE0A622522D77001AA32A /* MainTableViewCell.swift */,
			);
			path = "Table view cells";
			sourceTree = "<group>";
		};
		183AE0AE225567FF001AA32A /* Controller */ = {
			isa = PBXGroup;
			children = (
				183AE059225229C3001AA32A /* ViewController.swift */,
			);
			path = Controller;
			sourceTree = "<group>";
		};
		183AE0AF22556A59001AA32A /* Model */ = {
			isa = PBXGroup;
			children = (
				183AE0B022556BAF001AA32A /* Repository.swift */,
			);
			path = Model;
			sourceTree = "<group>";
		};
/* End PBXGroup section */

/* Begin PBXNativeTarget section */
		183AE053225229C3001AA32A /* repoStars */ = {
			isa = PBXNativeTarget;
			buildConfigurationList = 183AE07C225229C6001AA32A /* Build configuration list for PBXNativeTarget "repoStars" */;
			buildPhases = (
				183AE050225229C3001AA32A /* Sources */,
				183AE051225229C3001AA32A /* Frameworks */,
				183AE052225229C3001AA32A /* Resources */,
			);
			buildRules = (
			);
			dependencies = (
			);
			name = repoStars;
			productName = repoStars;
			productReference = 183AE054225229C3001AA32A /* repoStars.app */;
			productType = "com.apple.product-type.application";
		};
		183AE067225229C6001AA32A /* repoStarsTests */ = {
			isa = PBXNativeTarget;
			buildConfigurationList = 183AE07F225229C6001AA32A /* Build configuration list for PBXNativeTarget "repoStarsTests" */;
			buildPhases = (
				183AE064225229C6001AA32A /* Sources */,
				183AE065225229C6001AA32A /* Frameworks */,
				183AE066225229C6001AA32A /* Resources */,
			);
			buildRules = (
			);
			dependencies = (
				183AE06A225229C6001AA32A /* PBXTargetDependency */,
			);
			name = repoStarsTests;
			productName = repoStarsTests;
			productReference = 183AE068225229C6001AA32A /* repoStarsTests.xctest */;
			productType = "com.apple.product-type.bundle.unit-test";
		};
		183AE072225229C6001AA32A /* repoStarsUITests */ = {
			isa = PBXNativeTarget;
			buildConfigurationList = 183AE082225229C6001AA32A /* Build configuration list for PBXNativeTarget "repoStarsUITests" */;
			buildPhases = (
				183AE06F225229C6001AA32A /* Sources */,
				183AE070225229C6001AA32A /* Frameworks */,
				183AE071225229C6001AA32A /* Resources */,
			);
			buildRules = (
			);
			dependencies = (
				183AE075225229C6001AA32A /* PBXTargetDependency */,
			);
			name = repoStarsUITests;
			productName = repoStarsUITests;
			productReference = 183AE073225229C6001AA32A /* repoStarsUITests.xctest */;
			productType = "com.apple.product-type.bundle.ui-testing";
		};
/* End PBXNativeTarget section */

/* Begin PBXProject section */
		183AE04C225229C3001AA32A /* Project object */ = {
			isa = PBXProject;
			attributes = {
				LastSwiftUpdateCheck = 1010;
				LastUpgradeCheck = 1010;
				ORGANIZATIONNAME = "matic challenge";
				TargetAttributes = {
					183AE053225229C3001AA32A = {
						CreatedOnToolsVersion = 10.1;
					};
					183AE067225229C6001AA32A = {
						CreatedOnToolsVersion = 10.1;
						TestTargetID = 183AE053225229C3001AA32A;
					};
					183AE072225229C6001AA32A = {
						CreatedOnToolsVersion = 10.1;
						TestTargetID = 183AE053225229C3001AA32A;
					};
				};
			};
			buildConfigurationList = 183AE04F225229C3001AA32A /* Build configuration list for PBXProject "repoStars" */;
			compatibilityVersion = "Xcode 9.3";
			developmentRegion = en;
			hasScannedForEncodings = 0;
			knownRegions = (
				en,
				Base,
			);
			mainGroup = 183AE04B225229C3001AA32A;
			productRefGroup = 183AE055225229C3001AA32A /* Products */;
			projectDirPath = "";
			projectRoot = "";
			targets = (
				183AE053225229C3001AA32A /* repoStars */,
				183AE067225229C6001AA32A /* repoStarsTests */,
				183AE072225229C6001AA32A /* repoStarsUITests */,
			);
		};
/* End PBXProject section */

/* Begin PBXResourcesBuildPhase section */
		183AE052225229C3001AA32A /* Resources */ = {
			isa = PBXResourcesBuildPhase;
			buildActionMask = 2147483647;
			files = (
				183AE0AB2252427B001AA32A /* Unknown.jpeg in Resources */,
				183AE062225229C6001AA32A /* LaunchScreen.storyboard in Resources */,
				183AE05F225229C6001AA32A /* Assets.xcassets in Resources */,
				183AE05D225229C3001AA32A /* Main.storyboard in Resources */,
				183AE0AD2252486D001AA32A /* filledStar.png in Resources */,
			);
			runOnlyForDeploymentPostprocessing = 0;
		};
		183AE066225229C6001AA32A /* Resources */ = {
			isa = PBXResourcesBuildPhase;
			buildActionMask = 2147483647;
			files = (
			);
			runOnlyForDeploymentPostprocessing = 0;
		};
		183AE071225229C6001AA32A /* Resources */ = {
			isa = PBXResourcesBuildPhase;
			buildActionMask = 2147483647;
			files = (
			);
			runOnlyForDeploymentPostprocessing = 0;
		};
/* End PBXResourcesBuildPhase section */

/* Begin PBXSourcesBuildPhase section */
		183AE050225229C3001AA32A /* Sources */ = {
			isa = PBXSourcesBuildPhase;
			buildActionMask = 2147483647;
			files = (
				183AE05A225229C3001AA32A /* ViewController.swift in Sources */,
				183AE0A722522D77001AA32A /* MainTableViewCell.swift in Sources */,
				183AE058225229C3001AA32A /* AppDelegate.swift in Sources */,
				183AE0B122556BAF001AA32A /* Repository.swift in Sources */,
			);
			runOnlyForDeploymentPostprocessing = 0;
		};
		183AE064225229C6001AA32A /* Sources */ = {
			isa = PBXSourcesBuildPhase;
			buildActionMask = 2147483647;
			files = (
				183AE06D225229C6001AA32A /* repoStarsTests.swift in Sources */,
			);
			runOnlyForDeploymentPostprocessing = 0;
		};
		183AE06F225229C6001AA32A /* Sources */ = {
			isa = PBXSourcesBuildPhase;
			buildActionMask = 2147483647;
			files = (
				183AE078225229C6001AA32A /* repoStarsUITests.swift in Sources */,
			);
			runOnlyForDeploymentPostprocessing = 0;
		};
/* End PBXSourcesBuildPhase section */

/* Begin PBXTargetDependency section */
		183AE06A225229C6001AA32A /* PBXTargetDependency */ = {
			isa = PBXTargetDependency;
			target = 183AE053225229C3001AA32A /* repoStars */;
			targetProxy = 183AE069225229C6001AA32A /* PBXContainerItemProxy */;
		};
		183AE075225229C6001AA32A /* PBXTargetDependency */ = {
			isa = PBXTargetDependency;
			target = 183AE053225229C3001AA32A /* repoStars */;
			targetProxy = 183AE074225229C6001AA32A /* PBXContainerItemProxy */;
		};
/* End PBXTargetDependency section */

/* Begin PBXVariantGroup section */
		183AE05B225229C3001AA32A /* Main.storyboard */ = {
			isa = PBXVariantGroup;
			children = (
				183AE05C225229C3001AA32A /* Base */,
			);
			name = Main.storyboard;
			sourceTree = "<group>";
		};
		183AE060225229C6001AA32A /* LaunchScreen.storyboard */ = {
			isa = PBXVariantGroup;
			children = (
				183AE061225229C6001AA32A /* Base */,
			);
			name = LaunchScreen.storyboard;
			sourceTree = "<group>";
		};
/* End PBXVariantGroup section */

/* Begin XCBuildConfiguration section */
		183AE07A225229C6001AA32A /* Debug */ = {
			isa = XCBuildConfiguration;
			buildSettings = {
				ALWAYS_SEARCH_USER_PATHS = NO;
				CLANG_ANALYZER_NONNULL = YES;
				CLANG_ANALYZER_NUMBER_OBJECT_CONVERSION = YES_AGGRESSIVE;
				CLANG_CXX_LANGUAGE_STANDARD = "gnu++14";
				CLANG_CXX_LIBRARY = "libc++";
				CLANG_ENABLE_MODULES = YES;
				CLANG_ENABLE_OBJC_ARC = YES;
				CLANG_ENABLE_OBJC_WEAK = YES;
				CLANG_WARN_BLOCK_CAPTURE_AUTORELEASING = YES;
				CLANG_WARN_BOOL_CONVERSION = YES;
				CLANG_WARN_COMMA = YES;
				CLANG_WARN_CONSTANT_CONVERSION = YES;
				CLANG_WARN_DEPRECATED_OBJC_IMPLEMENTATIONS = YES;
				CLANG_WARN_DIRECT_OBJC_ISA_USAGE = YES_ERROR;
				CLANG_WARN_DOCUMENTATION_COMMENTS = YES;
				CLANG_WARN_EMPTY_BODY = YES;
				CLANG_WARN_ENUM_CONVERSION = YES;
				CLANG_WARN_INFINITE_RECURSION = YES;
				CLANG_WARN_INT_CONVERSION = YES;
				CLANG_WARN_NON_LITERAL_NULL_CONVERSION = YES;
				CLANG_WARN_OBJC_IMPLICIT_RETAIN_SELF = YES;
				CLANG_WARN_OBJC_LITERAL_CONVERSION = YES;
				CLANG_WARN_OBJC_ROOT_CLASS = YES_ERROR;
				CLANG_WARN_RANGE_LOOP_ANALYSIS = YES;
				CLANG_WARN_STRICT_PROTOTYPES = YES;
				CLANG_WARN_SUSPICIOUS_MOVE = YES;
				CLANG_WARN_UNGUARDED_AVAILABILITY = YES_AGGRESSIVE;
				CLANG_WARN_UNREACHABLE_CODE = YES;
				CLANG_WARN__DUPLICATE_METHOD_MATCH = YES;
				CODE_SIGN_IDENTITY = "iPhone Developer";
				COPY_PHASE_STRIP = NO;
				DEBUG_INFORMATION_FORMAT = dwarf;
				ENABLE_STRICT_OBJC_MSGSEND = YES;
				ENABLE_TESTABILITY = YES;
				GCC_C_LANGUAGE_STANDARD = gnu11;
				GCC_DYNAMIC_NO_PIC = NO;
				GCC_NO_COMMON_BLOCKS = YES;
				GCC_OPTIMIZATION_LEVEL = 0;
				GCC_PREPROCESSOR_DEFINITIONS = (
					"DEBUG=1",
					"$(inherited)",
				);
				GCC_WARN_64_TO_32_BIT_CONVERSION = YES;
				GCC_WARN_ABOUT_RETURN_TYPE = YES_ERROR;
				GCC_WARN_UNDECLARED_SELECTOR = YES;
				GCC_WARN_UNINITIALIZED_AUTOS = YES_AGGRESSIVE;
				GCC_WARN_UNUSED_FUNCTION = YES;
				GCC_WARN_UNUSED_VARIABLE = YES;
				IPHONEOS_DEPLOYMENT_TARGET = 10.0;
				MTL_ENABLE_DEBUG_INFO = INCLUDE_SOURCE;
				MTL_FAST_MATH = YES;
				ONLY_ACTIVE_ARCH = YES;
				SDKROOT = iphoneos;
				SWIFT_ACTIVE_COMPILATION_CONDITIONS = DEBUG;
				SWIFT_OPTIMIZATION_LEVEL = "-Onone";
			};
			name = Debug;
		};
		183AE07B225229C6001AA32A /* Release */ = {
			isa = XCBuildConfiguration;
			buildSettings = {
				ALWAYS_SEARCH_USER_PATHS = NO;
				CLANG_ANALYZER_NONNULL = YES;
				CLANG_ANALYZER_NUMBER_OBJECT_CONVERSION = YES_AGGRESSIVE;
				CLANG_CXX_LANGUAGE_STANDARD = "gnu++14";
				CLANG_CXX_LIBRARY = "libc++";
				CLANG_ENABLE_MODULES = YES;
				CLANG_ENABLE_OBJC_ARC = YES;
				CLANG_ENABLE_OBJC_WEAK = YES;
				CLANG_WARN_BLOCK_CAPTURE_AUTORELEASING = YES;
				CLANG_WARN_BOOL_CONVERSION = YES;
				CLANG_WARN_COMMA = YES;
				CLANG_WARN_CONSTANT_CONVERSION = YES;
				CLANG_WARN_DEPRECATED_OBJC_IMPLEMENTATIONS = YES;
				CLANG_WARN_DIRECT_OBJC_ISA_USAGE = YES_ERROR;
				CLANG_WARN_DOCUMENTATION_COMMENTS = YES;
				CLANG_WARN_EMPTY_BODY = YES;
				CLANG_WARN_ENUM_CONVERSION = YES;
				CLANG_WARN_INFINITE_RECURSION = YES;
				CLANG_WARN_INT_CONVERSION = YES;
				CLANG_WARN_NON_LITERAL_NULL_CONVERSION = YES;
				CLANG_WARN_OBJC_IMPLICIT_RETAIN_SELF = YES;
				CLANG_WARN_OBJC_LITERAL_CONVERSION = YES;
				CLANG_WARN_OBJC_ROOT_CLASS = YES_ERROR;
				CLANG_WARN_RANGE_LOOP_ANALYSIS = YES;
				CLANG_WARN_STRICT_PROTOTYPES = YES;
				CLANG_WARN_SUSPICIOUS_MOVE = YES;
				CLANG_WARN_UNGUARDED_AVAILABILITY = YES_AGGRESSIVE;
				CLANG_WARN_UNREACHABLE_CODE = YES;
				CLANG_WARN__DUPLICATE_METHOD_MATCH = YES;
				CODE_SIGN_IDENTITY = "iPhone Developer";
				COPY_PHASE_STRIP = NO;
				DEBUG_INFORMATION_FORMAT = "dwarf-with-dsym";
				ENABLE_NS_ASSERTIONS = NO;
				ENABLE_STRICT_OBJC_MSGSEND = YES;
				GCC_C_LANGUAGE_STANDARD = gnu11;
				GCC_NO_COMMON_BLOCKS = YES;
				GCC_WARN_64_TO_32_BIT_CONVERSION = YES;
				GCC_WARN_ABOUT_RETURN_TYPE = YES_ERROR;
				GCC_WARN_UNDECLARED_SELECTOR = YES;
				GCC_WARN_UNINITIALIZED_AUTOS = YES_AGGRESSIVE;
				GCC_WARN_UNUSED_FUNCTION = YES;
				GCC_WARN_UNUSED_VARIABLE = YES;
				IPHONEOS_DEPLOYMENT_TARGET = 10.0;
				MTL_ENABLE_DEBUG_INFO = NO;
				MTL_FAST_MATH = YES;
				SDKROOT = iphoneos;
				SWIFT_COMPILATION_MODE = wholemodule;
				SWIFT_OPTIMIZATION_LEVEL = "-O";
				VALIDATE_PRODUCT = YES;
			};
			name = Release;
		};
		183AE07D225229C6001AA32A /* Debug */ = {
			isa = XCBuildConfiguration;
			buildSettings = {
				ASSETCATALOG_COMPILER_APPICON_NAME = AppIcon;
				CODE_SIGN_STYLE = Automatic;
				DEVELOPMENT_TEAM = GXUHMVAET3;
				INFOPLIST_FILE = repoStars/Info.plist;
				LD_RUNPATH_SEARCH_PATHS = (
					"$(inherited)",
					"@executable_path/Frameworks",
				);
				PRODUCT_BUNDLE_IDENTIFIER = matic.repoStars;
				PRODUCT_NAME = "$(TARGET_NAME)";
				SWIFT_VERSION = 4.2;
				TARGETED_DEVICE_FAMILY = "1,2";
			};
			name = Debug;
		};
		183AE07E225229C6001AA32A /* Release */ = {
			isa = XCBuildConfiguration;
			buildSettings = {
				ASSETCATALOG_COMPILER_APPICON_NAME = AppIcon;
				CODE_SIGN_STYLE = Automatic;
				DEVELOPMENT_TEAM = GXUHMVAET3;
				INFOPLIST_FILE = repoStars/Info.plist;
				LD_RUNPATH_SEARCH_PATHS = (
					"$(inherited)",
					"@executable_path/Frameworks",
				);
				PRODUCT_BUNDLE_IDENTIFIER = matic.repoStars;
				PRODUCT_NAME = "$(TARGET_NAME)";
				SWIFT_VERSION = 4.2;
				TARGETED_DEVICE_FAMILY = "1,2";
			};
			name = Release;
		};
		183AE080225229C6001AA32A /* Debug */ = {
			isa = XCBuildConfiguration;
			buildSettings = {
				ALWAYS_EMBED_SWIFT_STANDARD_LIBRARIES = YES;
				BUNDLE_LOADER = "$(TEST_HOST)";
				CODE_SIGN_STYLE = Automatic;
				DEVELOPMENT_TEAM = GXUHMVAET3;
				INFOPLIST_FILE = repoStarsTests/Info.plist;
				LD_RUNPATH_SEARCH_PATHS = (
					"$(inherited)",
					"@executable_path/Frameworks",
					"@loader_path/Frameworks",
				);
				PRODUCT_BUNDLE_IDENTIFIER = matic.repoStarsTests;
				PRODUCT_NAME = "$(TARGET_NAME)";
				SWIFT_VERSION = 4.2;
				TARGETED_DEVICE_FAMILY = "1,2";
				TEST_HOST = "$(BUILT_PRODUCTS_DIR)/repoStars.app/repoStars";
			};
			name = Debug;
		};
		183AE081225229C6001AA32A /* Release */ = {
			isa = XCBuildConfiguration;
			buildSettings = {
				ALWAYS_EMBED_SWIFT_STANDARD_LIBRARIES = YES;
				BUNDLE_LOADER = "$(TEST_HOST)";
				CODE_SIGN_STYLE = Automatic;
				DEVELOPMENT_TEAM = GXUHMVAET3;
				INFOPLIST_FILE = repoStarsTests/Info.plist;
				LD_RUNPATH_SEARCH_PATHS = (
					"$(inherited)",
					"@executable_path/Frameworks",
					"@loader_path/Frameworks",
				);
				PRODUCT_BUNDLE_IDENTIFIER = matic.repoStarsTests;
				PRODUCT_NAME = "$(TARGET_NAME)";
				SWIFT_VERSION = 4.2;
				TARGETED_DEVICE_FAMILY = "1,2";
				TEST_HOST = "$(BUILT_PRODUCTS_DIR)/repoStars.app/repoStars";
			};
			name = Release;
		};
		183AE083225229C6001AA32A /* Debug */ = {
			isa = XCBuildConfiguration;
			buildSettings = {
				ALWAYS_EMBED_SWIFT_STANDARD_LIBRARIES = YES;
				CODE_SIGN_STYLE = Automatic;
				DEVELOPMENT_TEAM = GXUHMVAET3;
				INFOPLIST_FILE = repoStarsUITests/Info.plist;
				LD_RUNPATH_SEARCH_PATHS = (
					"$(inherited)",
					"@executable_path/Frameworks",
					"@loader_path/Frameworks",
				);
				PRODUCT_BUNDLE_IDENTIFIER = matic.repoStarsUITests;
				PRODUCT_NAME = "$(TARGET_NAME)";
				SWIFT_VERSION = 4.2;
				TARGETED_DEVICE_FAMILY = "1,2";
				TEST_TARGET_NAME = repoStars;
			};
			name = Debug;
		};
		183AE084225229C6001AA32A /* Release */ = {
			isa = XCBuildConfiguration;
			buildSettings = {
				ALWAYS_EMBED_SWIFT_STANDARD_LIBRARIES = YES;
				CODE_SIGN_STYLE = Automatic;
				DEVELOPMENT_TEAM = GXUHMVAET3;
				INFOPLIST_FILE = repoStarsUITests/Info.plist;
				LD_RUNPATH_SEARCH_PATHS = (
					"$(inherited)",
					"@executable_path/Frameworks",
					"@loader_path/Frameworks",
				);
				PRODUCT_BUNDLE_IDENTIFIER = matic.repoStarsUITests;
				PRODUCT_NAME = "$(TARGET_NAME)";
				SWIFT_VERSION = 4.2;
				TARGETED_DEVICE_FAMILY = "1,2";
				TEST_TARGET_NAME = repoStars;
			};
			name = Release;
		};
/* End XCBuildConfiguration section */

/* Begin XCConfigurationList section */
		183AE04F225229C3001AA32A /* Build configuration list for PBXProject "repoStars" */ = {
			isa = XCConfigurationList;
			buildConfigurations = (
				183AE07A225229C6001AA32A /* Debug */,
				183AE07B225229C6001AA32A /* Release */,
			);
			defaultConfigurationIsVisible = 0;
			defaultConfigurationName = Release;
		};
		183AE07C225229C6001AA32A /* Build configuration list for PBXNativeTarget "repoStars" */ = {
			isa = XCConfigurationList;
			buildConfigurations = (
				183AE07D225229C6001AA32A /* Debug */,
				183AE07E225229C6001AA32A /* Release */,
			);
			defaultConfigurationIsVisible = 0;
			defaultConfigurationName = Release;
		};
		183AE07F225229C6001AA32A /* Build configuration list for PBXNativeTarget "repoStarsTests" */ = {
			isa = XCConfigurationList;
			buildConfigurations = (
				183AE080225229C6001AA32A /* Debug */,
				183AE081225229C6001AA32A /* Release */,
			);
			defaultConfigurationIsVisible = 0;
			defaultConfigurationName = Release;
		};
		183AE082225229C6001AA32A /* Build configuration list for PBXNativeTarget "repoStarsUITests" */ = {
			isa = XCConfigurationList;
			buildConfigurations = (
				183AE083225229C6001AA32A /* Debug */,
				183AE084225229C6001AA32A /* Release */,
			);
			defaultConfigurationIsVisible = 0;
			defaultConfigurationName = Release;
		};
/* End XCConfigurationList section */
	};
	rootObject = 183AE04C225229C3001AA32A /* Project object */;
}
